{
  "pins" : [
    {
      "identity" : "geometry",
      "kind" : "remoteSourceControl",
      "location" : "git@github.com:RedECSEngine/Geometry.git",
      "state" : {
        "revision" : "e4eaa3d403dc5147f492d8d50956ae2a202547b4",
        "version" : "0.0.3"
      }
    },
    {
      "identity" : "javascriptkit",
      "kind" : "remoteSourceControl",
      "location" : "https://github.com/swiftwasm/JavaScriptKit",
      "state" : {
        "revision" : "9a3b7d5f316e6d1709bd25e3e0392efca357f525",
        "version" : "0.14.0"
      }
    },
    {
      "identity" : "redecs",
      "kind" : "remoteSourceControl",
      "location" : "https://github.com/RedECSEngine/RedECS.git",
      "state" : {
        "revision" : "d0ab699e8978d7136da5583d76c2dc9b4ff64f97",
        "version" : "0.0.3"
      }
    },
    {
      "identity" : "swift-numerics",
      "kind" : "remoteSourceControl",
      "location" : "https://github.com/apple/swift-numerics.git",
      "state" : {
        "revision" : "6583ac70c326c3ee080c1d42d9ca3361dca816cd",
        "version" : "0.1.0"
      }
    }
  ],
  "version" : 2
}
